// !$*UTF8*$!
{
	archiveVersion = 1;
	classes = {
	};
	objectVersion = 48;
	objects = {

/* Begin PBXBuildFile section */
		07AC58091FD796B500E17394 /* AppDelegate.swift in Sources */ = {isa = PBXBuildFile; fileRef = 07AC58081FD796B500E17394 /* AppDelegate.swift */; };
		07AC580B1FD796B500E17394 /* ViewController.swift in Sources */ = {isa = PBXBuildFile; fileRef = 07AC580A1FD796B500E17394 /* ViewController.swift */; };
		07AC580E1FD796B500E17394 /* Main.storyboard in Resources */ = {isa = PBXBuildFile; fileRef = 07AC580C1FD796B500E17394 /* Main.storyboard */; };
		07AC58101FD796B500E17394 /* Assets.xcassets in Resources */ = {isa = PBXBuildFile; fileRef = 07AC580F1FD796B500E17394 /* Assets.xcassets */; };
		07AC58131FD796B500E17394 /* LaunchScreen.storyboard in Resources */ = {isa = PBXBuildFile; fileRef = 07AC58111FD796B500E17394 /* LaunchScreen.storyboard */; };
		07AC581F1FD7973400E17394 /* Localizable.strings in Resources */ = {isa = PBXBuildFile; fileRef = 07AC58211FD7973400E17394 /* Localizable.strings */; };
		07AC58251FD7980600E17394 /* LanguageManager.swift in Sources */ = {isa = PBXBuildFile; fileRef = 07AC58241FD7980600E17394 /* LanguageManager.swift */; };
/* End PBXBuildFile section */

/* Begin PBXFileReference section */
		07AC58051FD796B500E17394 /* LocalizationTest.app */ = {isa = PBXFileReference; explicitFileType = wrapper.application; includeInIndex = 0; path = LocalizationTest.app; sourceTree = BUILT_PRODUCTS_DIR; };
		07AC58081FD796B500E17394 /* AppDelegate.swift */ = {isa = PBXFileReference; lastKnownFileType = sourcecode.swift; path = AppDelegate.swift; sourceTree = "<group>"; };
		07AC580A1FD796B500E17394 /* ViewController.swift */ = {isa = PBXFileReference; lastKnownFileType = sourcecode.swift; path = ViewController.swift; sourceTree = "<group>"; };
		07AC580D1FD796B500E17394 /* Base */ = {isa = PBXFileReference; lastKnownFileType = file.storyboard; name = Base; path = Base.lproj/Main.storyboard; sourceTree = "<group>"; };
		07AC580F1FD796B500E17394 /* Assets.xcassets */ = {isa = PBXFileReference; lastKnownFileType = folder.assetcatalog; path = Assets.xcassets; sourceTree = "<group>"; };
		07AC58121FD796B500E17394 /* Base */ = {isa = PBXFileReference; lastKnownFileType = file.storyboard; name = Base; path = Base.lproj/LaunchScreen.storyboard; sourceTree = "<group>"; };
		07AC58141FD796B500E17394 /* Info.plist */ = {isa = PBXFileReference; lastKnownFileType = text.plist.xml; path = Info.plist; sourceTree = "<group>"; };
		07AC581A1FD796EE00E17394 /* km */ = {isa = PBXFileReference; lastKnownFileType = text.plist.strings; name = km; path = km.lproj/Main.strings; sourceTree = "<group>"; };
		07AC581B1FD796EE00E17394 /* km */ = {isa = PBXFileReference; lastKnownFileType = text.plist.strings; name = km; path = km.lproj/LaunchScreen.strings; sourceTree = "<group>"; };
		07AC58201FD7973400E17394 /* en */ = {isa = PBXFileReference; lastKnownFileType = text.plist.strings; name = en; path = en.lproj/Localizable.strings; sourceTree = "<group>"; };
		07AC58221FD7973800E17394 /* km */ = {isa = PBXFileReference; lastKnownFileType = text.plist.strings; name = km; path = km.lproj/Localizable.strings; sourceTree = "<group>"; };
		07AC58241FD7980600E17394 /* LanguageManager.swift */ = {isa = PBXFileReference; lastKnownFileType = sourcecode.swift; path = LanguageManager.swift; sourceTree = "<group>"; };
/* End PBXFileReference section */

/* Begin PBXFrameworksBuildPhase section */
		07AC58021FD796B500E17394 /* Frameworks */ = {
			isa = PBXFrameworksBuildPhase;
			buildActionMask = 2147483647;
			files = (
			);
			runOnlyForDeploymentPostprocessing = 0;
		};
/* End PBXFrameworksBuildPhase section */

/* Begin PBXGroup section */
		07AC57FC1FD796B500E17394 = {
			isa = PBXGroup;
			children = (
				07AC58071FD796B500E17394 /* LocalizationTest */,
				07AC58061FD796B500E17394 /* Products */,
			);
			sourceTree = "<group>";
		};
		07AC58061FD796B500E17394 /* Products */ = {
			isa = PBXGroup;
			children = (
				07AC58051FD796B500E17394 /* LocalizationTest.app */,
			);
			name = Products;
			sourceTree = "<group>";
		};
		07AC58071FD796B500E17394 /* LocalizationTest */ = {
			isa = PBXGroup;
			children = (
				07AC58231FD797F400E17394 /* LanguageManager */,
				07AC581C1FD796FE00E17394 /* Base.lproj */,
				07AC58081FD796B500E17394 /* AppDelegate.swift */,
				07AC580A1FD796B500E17394 /* ViewController.swift */,
				07AC580C1FD796B500E17394 /* Main.storyboard */,
				07AC580F1FD796B500E17394 /* Assets.xcassets */,
				07AC58111FD796B500E17394 /* LaunchScreen.storyboard */,
				07AC58141FD796B500E17394 /* Info.plist */,
			);
			path = LocalizationTest;
			sourceTree = "<group>";
		};
		07AC581C1FD796FE00E17394 /* Base.lproj */ = {
			isa = PBXGroup;
			children = (
				07AC58211FD7973400E17394 /* Localizable.strings */,
			);
			name = Base.lproj;
			path = "New Group";
			sourceTree = "<group>";
		};
		07AC58231FD797F400E17394 /* LanguageManager */ = {
			isa = PBXGroup;
			children = (
				07AC58241FD7980600E17394 /* LanguageManager.swift */,
			);
			path = LanguageManager;
			sourceTree = "<group>";
		};
/* End PBXGroup section */

/* Begin PBXNativeTarget section */
		07AC58041FD796B500E17394 /* LocalizationTest */ = {
			isa = PBXNativeTarget;
			buildConfigurationList = 07AC58171FD796B500E17394 /* Build configuration list for PBXNativeTarget "LocalizationTest" */;
			buildPhases = (
				07AC58011FD796B500E17394 /* Sources */,
				07AC58021FD796B500E17394 /* Frameworks */,
				07AC58031FD796B500E17394 /* Resources */,
			);
			buildRules = (
			);
			dependencies = (
			);
			name = LocalizationTest;
			productName = LocalizationTest;
			productReference = 07AC58051FD796B500E17394 /* LocalizationTest.app */;
			productType = "com.apple.product-type.application";
		};
/* End PBXNativeTarget section */

/* Begin PBXProject section */
		07AC57FD1FD796B500E17394 /* Project object */ = {
			isa = PBXProject;
			attributes = {
				LastSwiftUpdateCheck = 0910;
				LastUpgradeCheck = 0910;
				ORGANIZATIONNAME = Chhaileng;
				TargetAttributes = {
					07AC58041FD796B500E17394 = {
						CreatedOnToolsVersion = 9.1;
						ProvisioningStyle = Automatic;
					};
				};
			};
			buildConfigurationList = 07AC58001FD796B500E17394 /* Build configuration list for PBXProject "LocalizationTest" */;
			compatibilityVersion = "Xcode 8.0";
			developmentRegion = en;
			hasScannedForEncodings = 0;
			knownRegions = (
				en,
				Base,
				km,
			);
			mainGroup = 07AC57FC1FD796B500E17394;
			productRefGroup = 07AC58061FD796B500E17394 /* Products */;
			projectDirPath = "";
			projectRoot = "";
			targets = (
				07AC58041FD796B500E17394 /* LocalizationTest */,
			);
		};
/* End PBXProject section */

/* Begin PBXResourcesBuildPhase section */
		07AC58031FD796B500E17394 /* Resources */ = {
			isa = PBXResourcesBuildPhase;
			buildActionMask = 2147483647;
			files = (
				07AC58131FD796B500E17394 /* LaunchScreen.storyboard in Resources */,
				07AC58101FD796B500E17394 /* Assets.xcassets in Resources */,
				07AC580E1FD796B500E17394 /* Main.storyboard in Resources */,
				07AC581F1FD7973400E17394 /* Localizable.strings in Resources */,
			);
			runOnlyForDeploymentPostprocessing = 0;
		};
/* End PBXResourcesBuildPhase section */

/* Begin PBXSourcesBuildPhase section */
		07AC58011FD796B500E17394 /* Sources */ = {
			isa = PBXSourcesBuildPhase;
			buildActionMask = 2147483647;
			files = (
				07AC58251FD7980600E17394 /* LanguageManager.swift in Sources */,
				07AC580B1FD796B500E17394 /* ViewController.swift in Sources */,
				07AC58091FD796B500E17394 /* AppDelegate.swift in Sources */,
			);
			runOnlyForDeploymentPostprocessing = 0;
		};
/* End PBXSourcesBuildPhase section */

/* Begin PBXVariantGroup section */
		07AC580C1FD796B500E17394 /* Main.storyboard */ = {
			isa = PBXVariantGroup;
			children = (
				07AC580D1FD796B500E17394 /* Base */,
				07AC581A1FD796EE00E17394 /* km */,
			);
			name = Main.storyboard;
			sourceTree = "<group>";
		};
		07AC58111FD796B500E17394 /* LaunchScreen.storyboard */ = {
			isa = PBXVariantGroup;
			children = (
				07AC58121FD796B500E17394 /* Base */,
				07AC581B1FD796EE00E17394 /* km */,
			);
			name = LaunchScreen.storyboard;
			sourceTree = "<group>";
		};
		07AC58211FD7973400E17394 /* Localizable.strings */ = {
			isa = PBXVariantGroup;
			children = (
				07AC58201FD7973400E17394 /* en */,
				07AC58221FD7973800E17394 /* km */,
			);
			name = Localizable.strings;
			sourceTree = "<group>";
		};
/* End PBXVariantGroup section */

/* Begin XCBuildConfiguration section */
		07AC58151FD796B500E17394 /* Debug */ = {
			isa = XCBuildConfiguration;
			buildSettings = {
				ALWAYS_SEARCH_USER_PATHS = NO;
				CLANG_ANALYZER_LOCALIZABILITY_NONLOCALIZED = YES;
				CLANG_ANALYZER_NONNULL = YES;
				CLANG_ANALYZER_NUMBER_OBJECT_CONVERSION = YES_AGGRESSIVE;
				CLANG_CXX_LANGUAGE_STANDARD = "gnu++14";
				CLANG_CXX_LIBRARY = "libc++";
				CLANG_ENABLE_MODULES = YES;
				CLANG_ENABLE_OBJC_ARC = YES;
				CLANG_WARN_BLOCK_CAPTURE_AUTORELEASING = YES;
				CLANG_WARN_BOOL_CONVERSION = YES;
				CLANG_WARN_COMMA = YES;
				CLANG_WARN_CONSTANT_CONVERSION = YES;
				CLANG_WARN_DIRECT_OBJC_ISA_USAGE = YES_ERROR;
				CLANG_WARN_DOCUMENTATION_COMMENTS = YES;
				CLANG_WARN_EMPTY_BODY = YES;
				CLANG_WARN_ENUM_CONVERSION = YES;
				CLANG_WARN_INFINITE_RECURSION = YES;
				CLANG_WARN_INT_CONVERSION = YES;
				CLANG_WARN_NON_LITERAL_NULL_CONVERSION = YES;
				CLANG_WARN_OBJC_LITERAL_CONVERSION = YES;
				CLANG_WARN_OBJC_ROOT_CLASS = YES_ERROR;
				CLANG_WARN_RANGE_LOOP_ANALYSIS = YES;
				CLANG_WARN_STRICT_PROTOTYPES = YES;
				CLANG_WARN_SUSPICIOUS_MOVE = YES;
				CLANG_WARN_UNGUARDED_AVAILABILITY = YES_AGGRESSIVE;
				CLANG_WARN_UNREACHABLE_CODE = YES;
				CLANG_WARN__DUPLICATE_METHOD_MATCH = YES;
				CODE_SIGN_IDENTITY = "iPhone Developer";
				COPY_PHASE_STRIP = NO;
				DEBUG_INFORMATION_FORMAT = dwarf;
				ENABLE_STRICT_OBJC_MSGSEND = YES;
				ENABLE_TESTABILITY = YES;
				GCC_C_LANGUAGE_STANDARD = gnu11;
				GCC_DYNAMIC_NO_PIC = NO;
				GCC_NO_COMMON_BLOCKS = YES;
				GCC_OPTIMIZATION_LEVEL = 0;
				GCC_PREPROCESSOR_DEFINITIONS = (
					"DEBUG=1",
					"$(inherited)",
				);
				GCC_WARN_64_TO_32_BIT_CONVERSION = YES;
				GCC_WARN_ABOUT_RETURN_TYPE = YES_ERROR;
				GCC_WARN_UNDECLARED_SELECTOR = YES;
				GCC_WARN_UNINITIALIZED_AUTOS = YES_AGGRESSIVE;
				GCC_WARN_UNUSED_FUNCTION = YES;
				GCC_WARN_UNUSED_VARIABLE = YES;
				IPHONEOS_DEPLOYMENT_TARGET = 11.1;
				MTL_ENABLE_DEBUG_INFO = YES;
				ONLY_ACTIVE_ARCH = YES;
				SDKROOT = iphoneos;
				SWIFT_ACTIVE_COMPILATION_CONDITIONS = DEBUG;
				SWIFT_OPTIMIZATION_LEVEL = "-Onone";
			};
			name = Debug;
		};
		07AC58161FD796B500E17394 /* Release */ = {
			isa = XCBuildConfiguration;
			buildSettings = {
				ALWAYS_SEARCH_USER_PATHS = NO;
				CLANG_ANALYZER_LOCALIZABILITY_NONLOCALIZED = YES;
				CLANG_ANALYZER_NONNULL = YES;
				CLANG_ANALYZER_NUMBER_OBJECT_CONVERSION = YES_AGGRESSIVE;
				CLANG_CXX_LANGUAGE_STANDARD = "gnu++14";
				CLANG_CXX_LIBRARY = "libc++";
				CLANG_ENABLE_MODULES = YES;
				CLANG_ENABLE_OBJC_ARC = YES;
				CLANG_WARN_BLOCK_CAPTURE_AUTORELEASING = YES;
				CLANG_WARN_BOOL_CONVERSION = YES;
				CLANG_WARN_COMMA = YES;
				CLANG_WARN_CONSTANT_CONVERSION = YES;
				CLANG_WARN_DIRECT_OBJC_ISA_USAGE = YES_ERROR;
				CLANG_WARN_DOCUMENTATION_COMMENTS = YES;
				CLANG_WARN_EMPTY_BODY = YES;
				CLANG_WARN_ENUM_CONVERSION = YES;
				CLANG_WARN_INFINITE_RECURSION = YES;
				CLANG_WARN_INT_CONVERSION = YES;
				CLANG_WARN_NON_LITERAL_NULL_CONVERSION = YES;
				CLANG_WARN_OBJC_LITERAL_CONVERSION = YES;
				CLANG_WARN_OBJC_ROOT_CLASS = YES_ERROR;
				CLANG_WARN_RANGE_LOOP_ANALYSIS = YES;
				CLANG_WARN_STRICT_PROTOTYPES = YES;
				CLANG_WARN_SUSPICIOUS_MOVE = YES;
				CLANG_WARN_UNGUARDED_AVAILABILITY = YES_AGGRESSIVE;
				CLANG_WARN_UNREACHABLE_CODE = YES;
				CLANG_WARN__DUPLICATE_METHOD_MATCH = YES;
				CODE_SIGN_IDENTITY = "iPhone Developer";
				COPY_PHASE_STRIP = NO;
				DEBUG_INFORMATION_FORMAT = "dwarf-with-dsym";
				ENABLE_NS_ASSERTIONS = NO;
				ENABLE_STRICT_OBJC_MSGSEND = YES;
				GCC_C_LANGUAGE_STANDARD = gnu11;
				GCC_NO_COMMON_BLOCKS = YES;
				GCC_WARN_64_TO_32_BIT_CONVERSION = YES;
				GCC_WARN_ABOUT_RETURN_TYPE = YES_ERROR;
				GCC_WARN_UNDECLARED_SELECTOR = YES;
				GCC_WARN_UNINITIALIZED_AUTOS = YES_AGGRESSIVE;
				GCC_WARN_UNUSED_FUNCTION = YES;
				GCC_WARN_UNUSED_VARIABLE = YES;
				IPHONEOS_DEPLOYMENT_TARGET = 11.1;
				MTL_ENABLE_DEBUG_INFO = NO;
				SDKROOT = iphoneos;
				SWIFT_OPTIMIZATION_LEVEL = "-Owholemodule";
				VALIDATE_PRODUCT = YES;
			};
			name = Release;
		};
		07AC58181FD796B500E17394 /* Debug */ = {
			isa = XCBuildConfiguration;
			buildSettings = {
				ASSETCATALOG_COMPILER_APPICON_NAME = AppIcon;
				CODE_SIGN_STYLE = Automatic;
				DEVELOPMENT_TEAM = U7EHSN2Z7Y;
				INFOPLIST_FILE = LocalizationTest/Info.plist;
				LD_RUNPATH_SEARCH_PATHS = "$(inherited) @executable_path/Frameworks";
				PRODUCT_BUNDLE_IDENTIFIER = com.chhaileng.LocalizationTest;
				PRODUCT_NAME = "$(TARGET_NAME)";
				SWIFT_VERSION = 4.0;
				TARGETED_DEVICE_FAMILY = "1,2";
			};
			name = Debug;
		};
		07AC58191FD796B500E17394 /* Release */ = {
			isa = XCBuildConfiguration;
			buildSettings = {
				ASSETCATALOG_COMPILER_APPICON_NAME = AppIcon;
				CODE_SIGN_STYLE = Automatic;
				DEVELOPMENT_TEAM = U7EHSN2Z7Y;
				INFOPLIST_FILE = LocalizationTest/Info.plist;
				LD_RUNPATH_SEARCH_PATHS = "$(inherited) @executable_path/Frameworks";
				PRODUCT_BUNDLE_IDENTIFIER = com.chhaileng.LocalizationTest;
				PRODUCT_NAME = "$(TARGET_NAME)";
				SWIFT_VERSION = 4.0;
				TARGETED_DEVICE_FAMILY = "1,2";
			};
			name = Release;
		};
/* End XCBuildConfiguration section */

/* Begin XCConfigurationList section */
		07AC58001FD796B500E17394 /* Build configuration list for PBXProject "LocalizationTest" */ = {
			isa = XCConfigurationList;
			buildConfigurations = (
				07AC58151FD796B500E17394 /* Debug */,
				07AC58161FD796B500E17394 /* Release */,
			);
			defaultConfigurationIsVisible = 0;
			defaultConfigurationName = Release;
		};
		07AC58171FD796B500E17394 /* Build configuration list for PBXNativeTarget "LocalizationTest" */ = {
			isa = XCConfigurationList;
			buildConfigurations = (
				07AC58181FD796B500E17394 /* Debug */,
				07AC58191FD796B500E17394 /* Release */,
			);
			defaultConfigurationIsVisible = 0;
			defaultConfigurationName = Release;
		};
/* End XCConfigurationList section */
	};
	rootObject = 07AC57FD1FD796B500E17394 /* Project object */;
}
